
Microsoft Visual Studio Solution File, Format Version 12.00
# Visual Studio 15
VisualStudioVersion = 15.0.28307.271
MinimumVisualStudioVersion = 10.0.40219.1
Project("{FAE04EC0-301F-11D3-BF4B-00C04F79EFBC}") = "Novia.TypeManagement.Domain", "Novia.TypeManagement.Domain\Novia.TypeManagement.Domain.csproj", "{EE8061CF-F2CF-4891-B052-EF1B511C15BA}"
EndProject
Global
	GlobalSection(SolutionConfigurationPlatforms) = preSolution
		Debug|Any CPU = Debug|Any CPU
		Release|Any CPU = Release|Any CPU
	EndGlobalSection
	GlobalSection(ProjectConfigurationPlatforms) = postSolution
		{EE8061CF-F2CF-4891-B052-EF1B511C15BA}.Debug|Any CPU.ActiveCfg = Debug|Any CPU
		{EE8061CF-F2CF-4891-B052-EF1B511C15BA}.Debug|Any CPU.Build.0 = Debug|Any CPU
		{EE8061CF-F2CF-4891-B052-EF1B511C15BA}.Release|Any CPU.ActiveCfg = Release|Any CPU
		{EE8061CF-F2CF-4891-B052-EF1B511C15BA}.Release|Any CPU.Build.0 = Release|Any CPU
	EndGlobalSection
	GlobalSection(SolutionProperties) = preSolution
		HideSolutionNode = FALSE
	EndGlobalSection
	GlobalSection(ExtensibilityGlobals) = postSolution
		SolutionGuid = {E1087E1F-796F-4B73-9A07-AF93E1B37C18}
	EndGlobalSection
EndGlobal
