
Microsoft Visual Studio Solution File, Format Version 12.00
# Visual Studio 15
VisualStudioVersion = 15.0.28307.271
MinimumVisualStudioVersion = 10.0.40219.1
Project("{2150E333-8FDC-42A3-9474-1A3956D46DE8}") = "Application", "Application", "{ADA5C244-1A71-450C-BD45-2823AE980772}"
EndProject
Project("{2150E333-8FDC-42A3-9474-1A3956D46DE8}") = "Configuration", "Configuration", "{FA1DC396-CA27-4685-AB62-84E3F37CB6E1}"
EndProject
Project("{2150E333-8FDC-42A3-9474-1A3956D46DE8}") = "Domain", "Domain", "{E69EDBE4-B2E0-4915-BA49-371CA31F5F86}"
EndProject
Project("{2150E333-8FDC-42A3-9474-1A3956D46DE8}") = "Infrastructure", "Infrastructure", "{7575F561-CACC-474E-B56A-7D7CF822DA64}"
EndProject
Project("{2150E333-8FDC-42A3-9474-1A3956D46DE8}") = "Presentation", "Presentation", "{C1661617-4FD7-4375-BF38-60B190D3AA02}"
EndProject
Project("{9A19103F-16F7-4668-BE54-9A1E7A4F7556}") = "Novia.EngineManagement.Application", "Application\Application\Novia.EngineManagement.Application.csproj", "{3C5DD70A-5322-4570-92E6-AF71C42A82B9}"
EndProject
Project("{9A19103F-16F7-4668-BE54-9A1E7A4F7556}") = "Novia.EngineManagement.Application.Abstractions", "Application\Application.Abstractions\Novia.EngineManagement.Application.Abstractions.csproj", "{B0F46726-9CB0-4393-BF97-198EBA1F3447}"
EndProject
Project("{9A19103F-16F7-4668-BE54-9A1E7A4F7556}") = "Novia.EngineManagement.Configuration", "Configuration\Configuration\Novia.EngineManagement.Configuration.csproj", "{24764197-D7FD-40E6-AE89-9C0C040D0CBC}"
EndProject
Project("{9A19103F-16F7-4668-BE54-9A1E7A4F7556}") = "Novia.EngineManagement.Domain", "Domain\Domain\Novia.EngineManagement.Domain.csproj", "{6CE6CD7C-A653-41D1-A2AB-E41493C538E8}"
EndProject
Project("{9A19103F-16F7-4668-BE54-9A1E7A4F7556}") = "Novia.EngineManagement.Infrastructure", "Infrastructure\Infrastructure\Novia.EngineManagement.Infrastructure.csproj", "{48A18AA4-1377-4153-88B9-B7928278AF2E}"
EndProject
Project("{9A19103F-16F7-4668-BE54-9A1E7A4F7556}") = "Novia.EngineManagement.Presentation.Console", "Presentation\Presentation.Console\Novia.EngineManagement.Presentation.Console.csproj", "{2E565AD5-3384-4A42-B3E9-CDE7B5EB5642}"
EndProject
Project("{9A19103F-16F7-4668-BE54-9A1E7A4F7556}") = "Novia.EngineManagement.Presentation.Web", "Presentation\Presentation.Web\Novia.EngineManagement.Presentation.Web.csproj", "{9DF833FA-92A0-4A7A-AD2F-723544704055}"
EndProject
Global
	GlobalSection(SolutionConfigurationPlatforms) = preSolution
		Debug|Any CPU = Debug|Any CPU
		Release|Any CPU = Release|Any CPU
	EndGlobalSection
	GlobalSection(ProjectConfigurationPlatforms) = postSolution
		{3C5DD70A-5322-4570-92E6-AF71C42A82B9}.Debug|Any CPU.ActiveCfg = Debug|Any CPU
		{3C5DD70A-5322-4570-92E6-AF71C42A82B9}.Debug|Any CPU.Build.0 = Debug|Any CPU
		{3C5DD70A-5322-4570-92E6-AF71C42A82B9}.Release|Any CPU.ActiveCfg = Release|Any CPU
		{3C5DD70A-5322-4570-92E6-AF71C42A82B9}.Release|Any CPU.Build.0 = Release|Any CPU
		{B0F46726-9CB0-4393-BF97-198EBA1F3447}.Debug|Any CPU.ActiveCfg = Debug|Any CPU
		{B0F46726-9CB0-4393-BF97-198EBA1F3447}.Debug|Any CPU.Build.0 = Debug|Any CPU
		{B0F46726-9CB0-4393-BF97-198EBA1F3447}.Release|Any CPU.ActiveCfg = Release|Any CPU
		{B0F46726-9CB0-4393-BF97-198EBA1F3447}.Release|Any CPU.Build.0 = Release|Any CPU
		{24764197-D7FD-40E6-AE89-9C0C040D0CBC}.Debug|Any CPU.ActiveCfg = Debug|Any CPU
		{24764197-D7FD-40E6-AE89-9C0C040D0CBC}.Debug|Any CPU.Build.0 = Debug|Any CPU
		{24764197-D7FD-40E6-AE89-9C0C040D0CBC}.Release|Any CPU.ActiveCfg = Release|Any CPU
		{24764197-D7FD-40E6-AE89-9C0C040D0CBC}.Release|Any CPU.Build.0 = Release|Any CPU
		{6CE6CD7C-A653-41D1-A2AB-E41493C538E8}.Debug|Any CPU.ActiveCfg = Debug|Any CPU
		{6CE6CD7C-A653-41D1-A2AB-E41493C538E8}.Debug|Any CPU.Build.0 = Debug|Any CPU
		{6CE6CD7C-A653-41D1-A2AB-E41493C538E8}.Release|Any CPU.ActiveCfg = Release|Any CPU
		{6CE6CD7C-A653-41D1-A2AB-E41493C538E8}.Release|Any CPU.Build.0 = Release|Any CPU
		{48A18AA4-1377-4153-88B9-B7928278AF2E}.Debug|Any CPU.ActiveCfg = Debug|Any CPU
		{48A18AA4-1377-4153-88B9-B7928278AF2E}.Debug|Any CPU.Build.0 = Debug|Any CPU
		{48A18AA4-1377-4153-88B9-B7928278AF2E}.Release|Any CPU.ActiveCfg = Release|Any CPU
		{48A18AA4-1377-4153-88B9-B7928278AF2E}.Release|Any CPU.Build.0 = Release|Any CPU
		{2E565AD5-3384-4A42-B3E9-CDE7B5EB5642}.Debug|Any CPU.ActiveCfg = Debug|Any CPU
		{2E565AD5-3384-4A42-B3E9-CDE7B5EB5642}.Debug|Any CPU.Build.0 = Debug|Any CPU
		{2E565AD5-3384-4A42-B3E9-CDE7B5EB5642}.Release|Any CPU.ActiveCfg = Release|Any CPU
		{2E565AD5-3384-4A42-B3E9-CDE7B5EB5642}.Release|Any CPU.Build.0 = Release|Any CPU
		{9DF833FA-92A0-4A7A-AD2F-723544704055}.Debug|Any CPU.ActiveCfg = Debug|Any CPU
		{9DF833FA-92A0-4A7A-AD2F-723544704055}.Debug|Any CPU.Build.0 = Debug|Any CPU
		{9DF833FA-92A0-4A7A-AD2F-723544704055}.Release|Any CPU.ActiveCfg = Release|Any CPU
		{9DF833FA-92A0-4A7A-AD2F-723544704055}.Release|Any CPU.Build.0 = Release|Any CPU
	EndGlobalSection
	GlobalSection(SolutionProperties) = preSolution
		HideSolutionNode = FALSE
	EndGlobalSection
	GlobalSection(NestedProjects) = preSolution
		{3C5DD70A-5322-4570-92E6-AF71C42A82B9} = {ADA5C244-1A71-450C-BD45-2823AE980772}
		{B0F46726-9CB0-4393-BF97-198EBA1F3447} = {ADA5C244-1A71-450C-BD45-2823AE980772}
		{24764197-D7FD-40E6-AE89-9C0C040D0CBC} = {FA1DC396-CA27-4685-AB62-84E3F37CB6E1}
		{6CE6CD7C-A653-41D1-A2AB-E41493C538E8} = {E69EDBE4-B2E0-4915-BA49-371CA31F5F86}
		{48A18AA4-1377-4153-88B9-B7928278AF2E} = {7575F561-CACC-474E-B56A-7D7CF822DA64}
		{2E565AD5-3384-4A42-B3E9-CDE7B5EB5642} = {C1661617-4FD7-4375-BF38-60B190D3AA02}
		{9DF833FA-92A0-4A7A-AD2F-723544704055} = {C1661617-4FD7-4375-BF38-60B190D3AA02}
	EndGlobalSection
	GlobalSection(ExtensibilityGlobals) = postSolution
		SolutionGuid = {E1087E1F-796F-4B73-9A07-AF93E1B37C18}
	EndGlobalSection
EndGlobal
