
Microsoft Visual Studio Solution File, Format Version 12.00
# Visual Studio 15
VisualStudioVersion = 15.0.28307.271
MinimumVisualStudioVersion = 10.0.40219.1
Project("{2150E333-8FDC-42A3-9474-1A3956D46DE8}") = "Application", "Application", "{ADA5C244-1A71-450C-BD45-2823AE980772}"
EndProject
Project("{2150E333-8FDC-42A3-9474-1A3956D46DE8}") = "Configuration", "Configuration", "{FA1DC396-CA27-4685-AB62-84E3F37CB6E1}"
EndProject
Project("{2150E333-8FDC-42A3-9474-1A3956D46DE8}") = "Domain", "Domain", "{E69EDBE4-B2E0-4915-BA49-371CA31F5F86}"
EndProject
Project("{2150E333-8FDC-42A3-9474-1A3956D46DE8}") = "Infrastructure", "Infrastructure", "{7575F561-CACC-474E-B56A-7D7CF822DA64}"
EndProject
Project("{2150E333-8FDC-42A3-9474-1A3956D46DE8}") = "Presentation", "Presentation", "{C1661617-4FD7-4375-BF38-60B190D3AA02}"
EndProject
Project("{9A19103F-16F7-4668-BE54-9A1E7A4F7556}") = "Novia.PoliceStationManagement.Application", "Application\Application\Novia.PoliceStationManagement.Application.csproj", "{F36BCE5A-1F38-4C09-AA50-DB3D44EDE9BD}"
EndProject
Project("{9A19103F-16F7-4668-BE54-9A1E7A4F7556}") = "Novia.PoliceStationManagement.Application.Abstractions", "Application\Application.Abstractions\Novia.PoliceStationManagement.Application.Abstractions.csproj", "{6E3A9DCD-3E32-47B5-9C24-464DCAC24D31}"
EndProject
Project("{9A19103F-16F7-4668-BE54-9A1E7A4F7556}") = "Novia.PoliceStationManagement.Configuration", "Configuration\Configuration\Novia.PoliceStationManagement.Configuration.csproj", "{F86047B3-1DA9-4A87-AF33-7BC51C1A2AF0}"
EndProject
Project("{9A19103F-16F7-4668-BE54-9A1E7A4F7556}") = "Novia.PoliceStationManagement.Domain", "Domain\Domain\Novia.PoliceStationManagement.Domain.csproj", "{EE0E18E7-7B3F-48DC-9A11-A5306357DC59}"
EndProject
Project("{9A19103F-16F7-4668-BE54-9A1E7A4F7556}") = "Novia.PoliceStationManagement.Infrastructure", "Infrastructure\Infrastructure\Novia.PoliceStationManagement.Infrastructure.csproj", "{2C8F4AB6-7D62-4585-BC6E-0EBBF4914C8E}"
EndProject
Project("{9A19103F-16F7-4668-BE54-9A1E7A4F7556}") = "Novia.PoliceStationManagement.Presentation.Console", "Presentation\Presentation.Console\Novia.PoliceStationManagement.Presentation.Console.csproj", "{85A20358-2E3C-423A-BDFA-E7D806B60FC7}"
EndProject
Project("{9A19103F-16F7-4668-BE54-9A1E7A4F7556}") = "Novia.PoliceStationManagement.Presentation.Web", "Presentation\Presentation.Web\Novia.PoliceStationManagement.Presentation.Web.csproj", "{539C7A96-6B91-411C-90EA-84DBF57E04F2}"
EndProject
Global
	GlobalSection(SolutionConfigurationPlatforms) = preSolution
		Debug|Any CPU = Debug|Any CPU
		Release|Any CPU = Release|Any CPU
	EndGlobalSection
	GlobalSection(ProjectConfigurationPlatforms) = postSolution
		{F36BCE5A-1F38-4C09-AA50-DB3D44EDE9BD}.Debug|Any CPU.ActiveCfg = Debug|Any CPU
		{F36BCE5A-1F38-4C09-AA50-DB3D44EDE9BD}.Debug|Any CPU.Build.0 = Debug|Any CPU
		{F36BCE5A-1F38-4C09-AA50-DB3D44EDE9BD}.Release|Any CPU.ActiveCfg = Release|Any CPU
		{F36BCE5A-1F38-4C09-AA50-DB3D44EDE9BD}.Release|Any CPU.Build.0 = Release|Any CPU
		{6E3A9DCD-3E32-47B5-9C24-464DCAC24D31}.Debug|Any CPU.ActiveCfg = Debug|Any CPU
		{6E3A9DCD-3E32-47B5-9C24-464DCAC24D31}.Debug|Any CPU.Build.0 = Debug|Any CPU
		{6E3A9DCD-3E32-47B5-9C24-464DCAC24D31}.Release|Any CPU.ActiveCfg = Release|Any CPU
		{6E3A9DCD-3E32-47B5-9C24-464DCAC24D31}.Release|Any CPU.Build.0 = Release|Any CPU
		{F86047B3-1DA9-4A87-AF33-7BC51C1A2AF0}.Debug|Any CPU.ActiveCfg = Debug|Any CPU
		{F86047B3-1DA9-4A87-AF33-7BC51C1A2AF0}.Debug|Any CPU.Build.0 = Debug|Any CPU
		{F86047B3-1DA9-4A87-AF33-7BC51C1A2AF0}.Release|Any CPU.ActiveCfg = Release|Any CPU
		{F86047B3-1DA9-4A87-AF33-7BC51C1A2AF0}.Release|Any CPU.Build.0 = Release|Any CPU
		{EE0E18E7-7B3F-48DC-9A11-A5306357DC59}.Debug|Any CPU.ActiveCfg = Debug|Any CPU
		{EE0E18E7-7B3F-48DC-9A11-A5306357DC59}.Debug|Any CPU.Build.0 = Debug|Any CPU
		{EE0E18E7-7B3F-48DC-9A11-A5306357DC59}.Release|Any CPU.ActiveCfg = Release|Any CPU
		{EE0E18E7-7B3F-48DC-9A11-A5306357DC59}.Release|Any CPU.Build.0 = Release|Any CPU
		{2C8F4AB6-7D62-4585-BC6E-0EBBF4914C8E}.Debug|Any CPU.ActiveCfg = Debug|Any CPU
		{2C8F4AB6-7D62-4585-BC6E-0EBBF4914C8E}.Debug|Any CPU.Build.0 = Debug|Any CPU
		{2C8F4AB6-7D62-4585-BC6E-0EBBF4914C8E}.Release|Any CPU.ActiveCfg = Release|Any CPU
		{2C8F4AB6-7D62-4585-BC6E-0EBBF4914C8E}.Release|Any CPU.Build.0 = Release|Any CPU
		{85A20358-2E3C-423A-BDFA-E7D806B60FC7}.Debug|Any CPU.ActiveCfg = Debug|Any CPU
		{85A20358-2E3C-423A-BDFA-E7D806B60FC7}.Debug|Any CPU.Build.0 = Debug|Any CPU
		{85A20358-2E3C-423A-BDFA-E7D806B60FC7}.Release|Any CPU.ActiveCfg = Release|Any CPU
		{85A20358-2E3C-423A-BDFA-E7D806B60FC7}.Release|Any CPU.Build.0 = Release|Any CPU
		{539C7A96-6B91-411C-90EA-84DBF57E04F2}.Debug|Any CPU.ActiveCfg = Debug|Any CPU
		{539C7A96-6B91-411C-90EA-84DBF57E04F2}.Debug|Any CPU.Build.0 = Debug|Any CPU
		{539C7A96-6B91-411C-90EA-84DBF57E04F2}.Release|Any CPU.ActiveCfg = Release|Any CPU
		{539C7A96-6B91-411C-90EA-84DBF57E04F2}.Release|Any CPU.Build.0 = Release|Any CPU
	EndGlobalSection
	GlobalSection(SolutionProperties) = preSolution
		HideSolutionNode = FALSE
	EndGlobalSection
	GlobalSection(NestedProjects) = preSolution
		{F36BCE5A-1F38-4C09-AA50-DB3D44EDE9BD} = {ADA5C244-1A71-450C-BD45-2823AE980772}
		{6E3A9DCD-3E32-47B5-9C24-464DCAC24D31} = {ADA5C244-1A71-450C-BD45-2823AE980772}
		{F86047B3-1DA9-4A87-AF33-7BC51C1A2AF0} = {FA1DC396-CA27-4685-AB62-84E3F37CB6E1}
		{EE0E18E7-7B3F-48DC-9A11-A5306357DC59} = {E69EDBE4-B2E0-4915-BA49-371CA31F5F86}
		{2C8F4AB6-7D62-4585-BC6E-0EBBF4914C8E} = {7575F561-CACC-474E-B56A-7D7CF822DA64}
		{85A20358-2E3C-423A-BDFA-E7D806B60FC7} = {C1661617-4FD7-4375-BF38-60B190D3AA02}
		{539C7A96-6B91-411C-90EA-84DBF57E04F2} = {C1661617-4FD7-4375-BF38-60B190D3AA02}
	EndGlobalSection
	GlobalSection(ExtensibilityGlobals) = postSolution
		SolutionGuid = {E1087E1F-796F-4B73-9A07-AF93E1B37C18}
	EndGlobalSection
EndGlobal
